<?xml version="1.0" encoding="utf-8"?>
<Project ToolsVersion="4.0" xmlns="http://schemas.microsoft.com/developer/msbuild/2003">
  <ItemGroup>
    <Filter Include="ソース ファイル">
      <UniqueIdentifier>{4FC737F1-C7A5-4376-A066-2A32D752A2FF}</UniqueIdentifier>
      <Extensions>cpp;c;cc;cxx;def;odl;idl;hpj;bat;asm;asmx</Extensions>
    </Filter>
    <Filter Include="ヘッダー ファイル">
      <UniqueIdentifier>{93995380-89BD-4b04-88EB-625FBE52EBFB}</UniqueIdentifier>
      <Extensions>h;hh;hpp;hxx;hm;inl;inc;xsd</Extensions>
    </Filter>
    <Filter Include="リソース ファイル">
      <UniqueIdentifier>{67DA6AB6-F800-4c08-8B7A-83BB121AAD01}</UniqueIdentifier>
      <Extensions>rc;ico;cur;bmp;dlg;rc2;rct;bin;rgs;gif;jpg;jpeg;jpe;resx;tiff;tif;png;wav;mfcribbon-ms</Extensions>
    </Filter>
    <Filter Include="kpi sdk">
      <UniqueIdentifier>{7049bc8f-23da-4b76-8419-7296a68c9f95}</UniqueIdentifier>
    </Filter>
  </ItemGroup>
  <ItemGroup>
    <ClInclude Include="include\CAbstractKpi.h">
      <Filter>ヘッダー ファイル</Filter>
    </ClInclude>
    <ClInclude Include="include\stdafx.h">
      <Filter>ヘッダー ファイル</Filter>
    </ClInclude>
    <ClInclude Include="include\targetver.h">
      <Filter>ヘッダー ファイル</Filter>
    </ClInclude>
    <ClInclude Include="include\CDSFDecoderKpi.h">
      <Filter>ヘッダー ファイル</Filter>
    </ClInclude>
    <ClInclude Include="include\dop.h">
      <Filter>ヘッダー ファイル</Filter>
    </ClInclude>
    <ClInclude Include="include\CWSDDecoderKpi.h">
      <Filter>ヘッダー ファイル</Filter>
    </ClInclude>
    <ClInclude Include="include\CDFFDecoderKpi.h">
      <Filter>ヘッダー ファイル</Filter>
    </ClInclude>
    <ClInclude Include="include\KpiDopDecoderModule.h">
      <Filter>ヘッダー ファイル</Filter>
    </ClInclude>
    <ClInclude Include="include\CKpiFileAdapter.h">
      <Filter>ヘッダー ファイル</Filter>
    </ClInclude>
    <ClInclude Include="..\..\..\..\..\usr\local\kbmed280_beta23\SDK\kmp_pi.h">
      <Filter>kpi sdk</Filter>
    </ClInclude>
    <ClInclude Include="..\..\..\..\..\usr\local\kbmed280_beta23\SDK\kpi.h">
      <Filter>kpi sdk</Filter>
    </ClInclude>
    <ClInclude Include="..\..\..\..\..\usr\local\kbmed280_beta23\SDK\kpi_decoder.h">
      <Filter>kpi sdk</Filter>
    </ClInclude>
    <ClInclude Include="..\..\..\..\..\usr\local\kbmed280_beta23\SDK\kpi_impl.h">
      <Filter>kpi sdk</Filter>
    </ClInclude>
  </ItemGroup>
  <ItemGroup>
    <None Include="kpidop.def">
      <Filter>ソース ファイル</Filter>
    </None>
    <None Include="KMPPlugin.props" />
  </ItemGroup>
  <ItemGroup>
    <ClCompile Include="src\dllexports.cpp">
      <Filter>ソース ファイル</Filter>
    </ClCompile>
    <ClCompile Include="src\dllmain.cpp">
      <Filter>ソース ファイル</Filter>
    </ClCompile>
    <ClCompile Include="src\stdafx.cpp">
      <Filter>ソース ファイル</Filter>
    </ClCompile>
    <ClCompile Include="src\CDSFDecoderKpi.cpp">
      <Filter>ソース ファイル</Filter>
    </ClCompile>
    <ClCompile Include="src\CWSDDecoderKpi.cpp">
      <Filter>ソース ファイル</Filter>
    </ClCompile>
    <ClCompile Include="src\CDFFDecoderKpi.cpp">
      <Filter>ソース ファイル</Filter>
    </ClCompile>
    <ClCompile Include="src\KpiDopDecoderModule.cpp">
      <Filter>ソース ファイル</Filter>
    </ClCompile>
  </ItemGroup>
  <ItemGroup>
    <Text Include="kpidop.txt" />
  </ItemGroup>
</Project>